
Microsoft Visual Studio Solution File, Format Version 12.00
# Visual Studio Version 16
VisualStudioVersion = 16.0.29001.49
MinimumVisualStudioVersion = 10.0.40219.1
Project("{9A19103F-16F7-4668-BE54-9A1E7A4F7556}") = "StravaDiscordBot", "StravaDiscordBot\StravaDiscordBot.csproj", "{22BE223E-0A79-4F9E-A764-CA0CC8AB93D2}"
EndProject
Project("{FAE04EC0-301F-11D3-BF4B-00C04F79EFBC}") = "StravaDiscordBot.Strava", "StravaDiscordBot.Strava\StravaDiscordBot.Strava.csproj", "{8244BC5C-9A60-4843-8369-FAC0F2C73690}"
EndProject
Global
	GlobalSection(SolutionConfigurationPlatforms) = preSolution
		Debug|Any CPU = Debug|Any CPU
		Release|Any CPU = Release|Any CPU
	EndGlobalSection
	GlobalSection(ProjectConfigurationPlatforms) = postSolution
		{22BE223E-0A79-4F9E-A764-CA0CC8AB93D2}.Debug|Any CPU.ActiveCfg = Debug|Any CPU
		{22BE223E-0A79-4F9E-A764-CA0CC8AB93D2}.Debug|Any CPU.Build.0 = Debug|Any CPU
		{22BE223E-0A79-4F9E-A764-CA0CC8AB93D2}.Release|Any CPU.ActiveCfg = Release|Any CPU
		{22BE223E-0A79-4F9E-A764-CA0CC8AB93D2}.Release|Any CPU.Build.0 = Release|Any CPU
		{8244BC5C-9A60-4843-8369-FAC0F2C73690}.Debug|Any CPU.ActiveCfg = Debug|Any CPU
		{8244BC5C-9A60-4843-8369-FAC0F2C73690}.Debug|Any CPU.Build.0 = Debug|Any CPU
		{8244BC5C-9A60-4843-8369-FAC0F2C73690}.Release|Any CPU.ActiveCfg = Release|Any CPU
		{8244BC5C-9A60-4843-8369-FAC0F2C73690}.Release|Any CPU.Build.0 = Release|Any CPU
	EndGlobalSection
	GlobalSection(SolutionProperties) = preSolution
		HideSolutionNode = FALSE
	EndGlobalSection
	GlobalSection(ExtensibilityGlobals) = postSolution
		SolutionGuid = {5A669C5C-C504-487A-B005-C0AE7F14F683}
	EndGlobalSection
EndGlobal
