
Microsoft Visual Studio Solution File, Format Version 12.00
# Visual Studio Version 16
VisualStudioVersion = 16.0.29001.49
MinimumVisualStudioVersion = 10.0.40219.1
Project("{FAE04EC0-301F-11D3-BF4B-00C04F79EFBC}") = "StravaDiscordBot", "StravaDiscordBot.csproj", "{51086FED-C596-49F7-BBC7-52B85AA81386}"
EndProject
Global
	GlobalSection(SolutionConfigurationPlatforms) = preSolution
		Debug|Any CPU = Debug|Any CPU
		Release|Any CPU = Release|Any CPU
	EndGlobalSection
	GlobalSection(ProjectConfigurationPlatforms) = postSolution
		{51086FED-C596-49F7-BBC7-52B85AA81386}.Debug|Any CPU.ActiveCfg = Debug|Any CPU
		{51086FED-C596-49F7-BBC7-52B85AA81386}.Debug|Any CPU.Build.0 = Debug|Any CPU
		{51086FED-C596-49F7-BBC7-52B85AA81386}.Release|Any CPU.ActiveCfg = Release|Any CPU
		{51086FED-C596-49F7-BBC7-52B85AA81386}.Release|Any CPU.Build.0 = Release|Any CPU
	EndGlobalSection
	GlobalSection(SolutionProperties) = preSolution
		HideSolutionNode = FALSE
	EndGlobalSection
	GlobalSection(ExtensibilityGlobals) = postSolution
		SolutionGuid = {B8B22EE8-45F7-49BF-9EE3-0AE2FA06D9D4}
	EndGlobalSection
EndGlobal
